// !$*UTF8*$!
{
	archiveVersion = 1;
	classes = {
	};
	objectVersion = 77;
	objects = {

/* Begin PBXContainerItemProxy section */
		619FFDBD2F87FB0F0011EC08 /* PBXContainerItemProxy */ = {
			isa = PBXContainerItemProxy;
			containerPortal = 619FFDA72F87FB0E0011EC08 /* Project object */;
			proxyType = 1;
			remoteGlobalIDString = 619FFDAE2F87FB0E0011EC08;
			remoteInfo = NehanAI;
		};
		619FFDC72F87FB0F0011EC08 /* PBXContainerItemProxy */ = {
			isa = PBXContainerItemProxy;
			containerPortal = 619FFDA72F87FB0E0011EC08 /* Project object */;
			proxyType = 1;
			remoteGlobalIDString = 619FFDAE2F87FB0E0011EC08;
			remoteInfo = NehanAI;
		};
/* End PBXContainerItemProxy section */

/* Begin PBXFileReference section */
		619FFDAF2F87FB0E0011EC08 /* NehanAI.app */ = {isa = PBXFileReference; explicitFileType = wrapper.application; includeInIndex = 0; path = NehanAI.app; sourceTree = BUILT_PRODUCTS_DIR; };
		619FFDBC2F87FB0F0011EC08 /* NehanAITests.xctest */ = {isa = PBXFileReference; explicitFileType = wrapper.cfbundle; includeInIndex = 0; path = NehanAITests.xctest; sourceTree = BUILT_PRODUCTS_DIR; };
		619FFDC62F87FB0F0011EC08 /* NehanAIUITests.xctest */ = {isa = PBXFileReference; explicitFileType = wrapper.cfbundle; includeInIndex = 0; path = NehanAIUITests.xctest; sourceTree = BUILT_PRODUCTS_DIR; };
		AA0000012F880001SECRETS00 /* Secrets.xcconfig */ = {isa = PBXFileReference; lastKnownFileType = text.xcconfig; path = Secrets.xcconfig; sourceTree = "<group>"; };
/* End PBXFileReference section */

/* Begin PBXFileSystemSynchronizedBuildFileExceptionSet section */
		619FFDDA2F87FC380011EC08 /* Exceptions for "NehanAI" folder in "NehanAI" target */ = {
			isa = PBXFileSystemSynchronizedBuildFileExceptionSet;
			membershipExceptions = (
				Info.plist,
			);
			target = 619FFDAE2F87FB0E0011EC08 /* NehanAI */;
		};
/* End PBXFileSystemSynchronizedBuildFileExceptionSet section */

/* Begin PBXFileSystemSynchronizedRootGroup section */
		619FFDB12F87FB0E0011EC08 /* NehanAI */ = {
			isa = PBXFileSystemSynchronizedRootGroup;
			exceptions = (
				619FFDDA2F87FC380011EC08 /* Exceptions for "NehanAI" folder in "NehanAI" target */,
			);
			path = NehanAI;
			sourceTree = "<group>";
		};
		619FFDBF2F87FB0F0011EC08 /* NehanAITests */ = {
			isa = PBXFileSystemSynchronizedRootGroup;
			path = NehanAITests;
			sourceTree = "<group>";
		};
		619FFDC92F87FB0F0011EC08 /* NehanAIUITests */ = {
			isa = PBXFileSystemSynchronizedRootGroup;
			path = NehanAIUITests;
			sourceTree = "<group>";
		};
/* End PBXFileSystemSynchronizedRootGroup section */

/* Begin PBXFrameworksBuildPhase section */
		619FFDAC2F87FB0E0011EC08 /* Frameworks */ = {
			isa = PBXFrameworksBuildPhase;
			buildActionMask = 2147483647;
			files = (
			);
			runOnlyForDeploymentPostprocessing = 0;
		};
		619FFDB92F87FB0F0011EC08 /* Frameworks */ = {
			isa = PBXFrameworksBuildPhase;
			buildActionMask = 2147483647;
			files = (
			);
			runOnlyForDeploymentPostprocessing = 0;
		};
		619FFDC32F87FB0F0011EC08 /* Frameworks */ = {
			isa = PBXFrameworksBuildPhase;
			buildActionMask = 2147483647;
			files = (
			);
			runOnlyForDeploymentPostprocessing = 0;
		};
/* End PBXFrameworksBuildPhase section */

/* Begin PBXGroup section */
		AA0000022F880002CONFIG00 /* Config */ = {
			isa = PBXGroup;
			children = (
				AA0000012F880001SECRETS00 /* Secrets.xcconfig */,
			);
			path = Config;
			sourceTree = "<group>";
		};
		619FFDA62F87FB0E0011EC08 = {
			isa = PBXGroup;
			children = (
				AA0000022F880002CONFIG00 /* Config */,
				619FFDB12F87FB0E0011EC08 /* NehanAI */,
				619FFDBF2F87FB0F0011EC08 /* NehanAITests */,
				619FFDC92F87FB0F0011EC08 /* NehanAIUITests */,
				619FFDB02F87FB0E0011EC08 /* Products */,
			);
			sourceTree = "<group>";
		};
		619FFDB02F87FB0E0011EC08 /* Products */ = {
			isa = PBXGroup;
			children = (
				619FFDAF2F87FB0E0011EC08 /* NehanAI.app */,
				619FFDBC2F87FB0F0011EC08 /* NehanAITests.xctest */,
				619FFDC62F87FB0F0011EC08 /* NehanAIUITests.xctest */,
			);
			name = Products;
			sourceTree = "<group>";
		};
/* End PBXGroup section */

/* Begin PBXNativeTarget section */
		619FFDAE2F87FB0E0011EC08 /* NehanAI */ = {
			isa = PBXNativeTarget;
			buildConfigurationList = 619FFDD02F87FB0F0011EC08 /* Build configuration list for PBXNativeTarget "NehanAI" */;
			buildPhases = (
				619FFDAB2F87FB0E0011EC08 /* Sources */,
				619FFDAC2F87FB0E0011EC08 /* Frameworks */,
				619FFDAD2F87FB0E0011EC08 /* Resources */,
			);
			buildRules = (
			);
			dependencies = (
			);
			fileSystemSynchronizedGroups = (
				619FFDB12F87FB0E0011EC08 /* NehanAI */,
			);
			name = NehanAI;
			packageProductDependencies = (
			);
			productName = NehanAI;
			productReference = 619FFDAF2F87FB0E0011EC08 /* NehanAI.app */;
			productType = "com.apple.product-type.application";
		};
		619FFDBB2F87FB0F0011EC08 /* NehanAITests */ = {
			isa = PBXNativeTarget;
			buildConfigurationList = 619FFDD32F87FB0F0011EC08 /* Build configuration list for PBXNativeTarget "NehanAITests" */;
			buildPhases = (
				619FFDB82F87FB0F0011EC08 /* Sources */,
				619FFDB92F87FB0F0011EC08 /* Frameworks */,
				619FFDBA2F87FB0F0011EC08 /* Resources */,
			);
			buildRules = (
			);
			dependencies = (
				619FFDBE2F87FB0F0011EC08 /* PBXTargetDependency */,
			);
			fileSystemSynchronizedGroups = (
				619FFDBF2F87FB0F0011EC08 /* NehanAITests */,
			);
			name = NehanAITests;
			packageProductDependencies = (
			);
			productName = NehanAITests;
			productReference = 619FFDBC2F87FB0F0011EC08 /* NehanAITests.xctest */;
			productType = "com.apple.product-type.bundle.unit-test";
		};
		619FFDC52F87FB0F0011EC08 /* NehanAIUITests */ = {
			isa = PBXNativeTarget;
			buildConfigurationList = 619FFDD62F87FB0F0011EC08 /* Build configuration list for PBXNativeTarget "NehanAIUITests" */;
			buildPhases = (
				619FFDC22F87FB0F0011EC08 /* Sources */,
				619FFDC32F87FB0F0011EC08 /* Frameworks */,
				619FFDC42F87FB0F0011EC08 /* Resources */,
			);
			buildRules = (
			);
			dependencies = (
				619FFDC82F87FB0F0011EC08 /* PBXTargetDependency */,
			);
			fileSystemSynchronizedGroups = (
				619FFDC92F87FB0F0011EC08 /* NehanAIUITests */,
			);
			name = NehanAIUITests;
			packageProductDependencies = (
			);
			productName = NehanAIUITests;
			productReference = 619FFDC62F87FB0F0011EC08 /* NehanAIUITests.xctest */;
			productType = "com.apple.product-type.bundle.ui-testing";
		};
/* End PBXNativeTarget section */

/* Begin PBXProject section */
		619FFDA72F87FB0E0011EC08 /* Project object */ = {
			isa = PBXProject;
			attributes = {
				BuildIndependentTargetsInParallel = 1;
				LastSwiftUpdateCheck = 2630;
				LastUpgradeCheck = 2630;
				TargetAttributes = {
					619FFDAE2F87FB0E0011EC08 = {
						CreatedOnToolsVersion = 26.3;
					};
					619FFDBB2F87FB0F0011EC08 = {
						CreatedOnToolsVersion = 26.3;
						TestTargetID = 619FFDAE2F87FB0E0011EC08;
					};
					619FFDC52F87FB0F0011EC08 = {
						CreatedOnToolsVersion = 26.3;
						TestTargetID = 619FFDAE2F87FB0E0011EC08;
					};
				};
			};
			buildConfigurationList = 619FFDAA2F87FB0E0011EC08 /* Build configuration list for PBXProject "NehanAI" */;
			developmentRegion = en;
			hasScannedForEncodings = 0;
			knownRegions = (
				en,
				Base,
			);
			mainGroup = 619FFDA62F87FB0E0011EC08;
			minimizedProjectReferenceProxies = 1;
			preferredProjectObjectVersion = 77;
			productRefGroup = 619FFDB02F87FB0E0011EC08 /* Products */;
			projectDirPath = "";
			projectRoot = "";
			targets = (
				619FFDAE2F87FB0E0011EC08 /* NehanAI */,
				619FFDBB2F87FB0F0011EC08 /* NehanAITests */,
				619FFDC52F87FB0F0011EC08 /* NehanAIUITests */,
			);
		};
/* End PBXProject section */

/* Begin PBXResourcesBuildPhase section */
		619FFDAD2F87FB0E0011EC08 /* Resources */ = {
			isa = PBXResourcesBuildPhase;
			buildActionMask = 2147483647;
			files = (
			);
			runOnlyForDeploymentPostprocessing = 0;
		};
		619FFDBA2F87FB0F0011EC08 /* Resources */ = {
			isa = PBXResourcesBuildPhase;
			buildActionMask = 2147483647;
			files = (
			);
			runOnlyForDeploymentPostprocessing = 0;
		};
		619FFDC42F87FB0F0011EC08 /* Resources */ = {
			isa = PBXResourcesBuildPhase;
			buildActionMask = 2147483647;
			files = (
			);
			runOnlyForDeploymentPostprocessing = 0;
		};
/* End PBXResourcesBuildPhase section */

/* Begin PBXSourcesBuildPhase section */
		619FFDAB2F87FB0E0011EC08 /* Sources */ = {
			isa = PBXSourcesBuildPhase;
			buildActionMask = 2147483647;
			files = (
			);
			runOnlyForDeploymentPostprocessing = 0;
		};
		619FFDB82F87FB0F0011EC08 /* Sources */ = {
			isa = PBXSourcesBuildPhase;
			buildActionMask = 2147483647;
			files = (
			);
			runOnlyForDeploymentPostprocessing = 0;
		};
		619FFDC22F87FB0F0011EC08 /* Sources */ = {
			isa = PBXSourcesBuildPhase;
			buildActionMask = 2147483647;
			files = (
			);
			runOnlyForDeploymentPostprocessing = 0;
		};
/* End PBXSourcesBuildPhase section */

/* Begin PBXTargetDependency section */
		619FFDBE2F87FB0F0011EC08 /* PBXTargetDependency */ = {
			isa = PBXTargetDependency;
			target = 619FFDAE2F87FB0E0011EC08 /* NehanAI */;
			targetProxy = 619FFDBD2F87FB0F0011EC08 /* PBXContainerItemProxy */;
		};
		619FFDC82F87FB0F0011EC08 /* PBXTargetDependency */ = {
			isa = PBXTargetDependency;
			target = 619FFDAE2F87FB0E0011EC08 /* NehanAI */;
			targetProxy = 619FFDC72F87FB0F0011EC08 /* PBXContainerItemProxy */;
		};
/* End PBXTargetDependency section */

/* Begin XCBuildConfiguration section */
		619FFDCE2F87FB0F0011EC08 /* Debug */ = {
			isa = XCBuildConfiguration;
			buildSettings = {
				ALWAYS_SEARCH_USER_PATHS = NO;
				ASSETCATALOG_COMPILER_GENERATE_SWIFT_ASSET_SYMBOL_EXTENSIONS = YES;
				CLANG_ANALYZER_NONNULL = YES;
				CLANG_ANALYZER_NUMBER_OBJECT_CONVERSION = YES_AGGRESSIVE;
				CLANG_CXX_LANGUAGE_STANDARD = "gnu++20";
				CLANG_ENABLE_MODULES = YES;
				CLANG_ENABLE_OBJC_ARC = YES;
				CLANG_ENABLE_OBJC_WEAK = YES;
				CLANG_WARN_BLOCK_CAPTURE_AUTORELEASING = YES;
				CLANG_WARN_BOOL_CONVERSION = YES;
				CLANG_WARN_COMMA = YES;
				CLANG_WARN_CONSTANT_CONVERSION = YES;
				CLANG_WARN_DEPRECATED_OBJC_IMPLEMENTATIONS = YES;
				CLANG_WARN_DIRECT_OBJC_ISA_USAGE = YES_ERROR;
				CLANG_WARN_DOCUMENTATION_COMMENTS = YES;
				CLANG_WARN_EMPTY_BODY = YES;
				CLANG_WARN_ENUM_CONVERSION = YES;
				CLANG_WARN_INFINITE_RECURSION = YES;
				CLANG_WARN_INT_CONVERSION = YES;
				CLANG_WARN_NON_LITERAL_NULL_CONVERSION = YES;
				CLANG_WARN_OBJC_IMPLICIT_RETAIN_SELF = YES;
				CLANG_WARN_OBJC_LITERAL_CONVERSION = YES;
				CLANG_WARN_OBJC_ROOT_CLASS = YES_ERROR;
				CLANG_WARN_QUOTED_INCLUDE_IN_FRAMEWORK_HEADER = YES;
				CLANG_WARN_RANGE_LOOP_ANALYSIS = YES;
				CLANG_WARN_STRICT_PROTOTYPES = YES;
				CLANG_WARN_SUSPICIOUS_MOVE = YES;
				CLANG_WARN_UNGUARDED_AVAILABILITY = YES_AGGRESSIVE;
				CLANG_WARN_UNREACHABLE_CODE = YES;
				CLANG_WARN__DUPLICATE_METHOD_MATCH = YES;
				COPY_PHASE_STRIP = NO;
				DEBUG_INFORMATION_FORMAT = dwarf;
				DEVELOPMENT_TEAM = WD4753796S;
				ENABLE_STRICT_OBJC_MSGSEND = YES;
				ENABLE_TESTABILITY = YES;
				ENABLE_USER_SCRIPT_SANDBOXING = YES;
				GCC_C_LANGUAGE_STANDARD = gnu17;
				GCC_DYNAMIC_NO_PIC = NO;
				GCC_NO_COMMON_BLOCKS = YES;
				GCC_OPTIMIZATION_LEVEL = 0;
				GCC_PREPROCESSOR_DEFINITIONS = (
					"DEBUG=1",
					"$(inherited)",
				);
				GCC_WARN_64_TO_32_BIT_CONVERSION = YES;
				GCC_WARN_ABOUT_RETURN_TYPE = YES_ERROR;
				GCC_WARN_UNDECLARED_SELECTOR = YES;
				GCC_WARN_UNINITIALIZED_AUTOS = YES_AGGRESSIVE;
				GCC_WARN_UNUSED_FUNCTION = YES;
				GCC_WARN_UNUSED_VARIABLE = YES;
				IPHONEOS_DEPLOYMENT_TARGET = 26.2;
				LOCALIZATION_PREFERS_STRING_CATALOGS = YES;
				MTL_ENABLE_DEBUG_INFO = INCLUDE_SOURCE;
				MTL_FAST_MATH = YES;
				ONLY_ACTIVE_ARCH = YES;
				SDKROOT = iphoneos;
				SWIFT_ACTIVE_COMPILATION_CONDITIONS = "DEBUG $(inherited)";
				SWIFT_OPTIMIZATION_LEVEL = "-Onone";
			};
			name = Debug;
		};
		619FFDCF2F87FB0F0011EC08 /* Release */ = {
			isa = XCBuildConfiguration;
			buildSettings = {
				ALWAYS_SEARCH_USER_PATHS = NO;
				ASSETCATALOG_COMPILER_GENERATE_SWIFT_ASSET_SYMBOL_EXTENSIONS = YES;
				CLANG_ANALYZER_NONNULL = YES;
				CLANG_ANALYZER_NUMBER_OBJECT_CONVERSION = YES_AGGRESSIVE;
				CLANG_CXX_LANGUAGE_STANDARD = "gnu++20";
				CLANG_ENABLE_MODULES = YES;
				CLANG_ENABLE_OBJC_ARC = YES;
				CLANG_ENABLE_OBJC_WEAK = YES;
				CLANG_WARN_BLOCK_CAPTURE_AUTORELEASING = YES;
				CLANG_WARN_BOOL_CONVERSION = YES;
				CLANG_WARN_COMMA = YES;
				CLANG_WARN_CONSTANT_CONVERSION = YES;
				CLANG_WARN_DEPRECATED_OBJC_IMPLEMENTATIONS = YES;
				CLANG_WARN_DIRECT_OBJC_ISA_USAGE = YES_ERROR;
				CLANG_WARN_DOCUMENTATION_COMMENTS = YES;
				CLANG_WARN_EMPTY_BODY = YES;
				CLANG_WARN_ENUM_CONVERSION = YES;
				CLANG_WARN_INFINITE_RECURSION = YES;
				CLANG_WARN_INT_CONVERSION = YES;
				CLANG_WARN_NON_LITERAL_NULL_CONVERSION = YES;
				CLANG_WARN_OBJC_IMPLICIT_RETAIN_SELF = YES;
				CLANG_WARN_OBJC_LITERAL_CONVERSION = YES;
				CLANG_WARN_OBJC_ROOT_CLASS = YES_ERROR;
				CLANG_WARN_QUOTED_INCLUDE_IN_FRAMEWORK_HEADER = YES;
				CLANG_WARN_RANGE_LOOP_ANALYSIS = YES;
				CLANG_WARN_STRICT_PROTOTYPES = YES;
				CLANG_WARN_SUSPICIOUS_MOVE = YES;
				CLANG_WARN_UNGUARDED_AVAILABILITY = YES_AGGRESSIVE;
				CLANG_WARN_UNREACHABLE_CODE = YES;
				CLANG_WARN__DUPLICATE_METHOD_MATCH = YES;
				COPY_PHASE_STRIP = NO;
				DEBUG_INFORMATION_FORMAT = "dwarf-with-dsym";
				DEVELOPMENT_TEAM = WD4753796S;
				ENABLE_NS_ASSERTIONS = NO;
				ENABLE_STRICT_OBJC_MSGSEND = YES;
				ENABLE_USER_SCRIPT_SANDBOXING = YES;
				GCC_C_LANGUAGE_STANDARD = gnu17;
				GCC_NO_COMMON_BLOCKS = YES;
				GCC_WARN_64_TO_32_BIT_CONVERSION = YES;
				GCC_WARN_ABOUT_RETURN_TYPE = YES_ERROR;
				GCC_WARN_UNDECLARED_SELECTOR = YES;
				GCC_WARN_UNINITIALIZED_AUTOS = YES_AGGRESSIVE;
				GCC_WARN_UNUSED_FUNCTION = YES;
				GCC_WARN_UNUSED_VARIABLE = YES;
				IPHONEOS_DEPLOYMENT_TARGET = 26.2;
				LOCALIZATION_PREFERS_STRING_CATALOGS = YES;
				MTL_ENABLE_DEBUG_INFO = NO;
				MTL_FAST_MATH = YES;
				SDKROOT = iphoneos;
				SWIFT_COMPILATION_MODE = wholemodule;
				VALIDATE_PRODUCT = YES;
			};
			name = Release;
		};
		619FFDD12F87FB0F0011EC08 /* Debug */ = {
			isa = XCBuildConfiguration;
			baseConfigurationReference = AA0000012F880001SECRETS00 /* Secrets.xcconfig */;
			buildSettings = {
				ASSETCATALOG_COMPILER_APPICON_NAME = AppIcon;
				ASSETCATALOG_COMPILER_GLOBAL_ACCENT_COLOR_NAME = AccentColor;
				CODE_SIGN_ENTITLEMENTS = NehanAI/NehanAI.entitlements;
				CODE_SIGN_STYLE = Automatic;
				CURRENT_PROJECT_VERSION = 1;
				DEVELOPMENT_TEAM = WD4753796S;
				ENABLE_PREVIEWS = YES;
				GENERATE_INFOPLIST_FILE = YES;
				INFOPLIST_FILE = NehanAI/Info.plist;
				INFOPLIST_KEY_UIApplicationSceneManifest_Generation = YES;
				INFOPLIST_KEY_UIApplicationSupportsIndirectInputEvents = YES;
				INFOPLIST_KEY_UILaunchScreen_Generation = YES;
				INFOPLIST_KEY_UISupportedInterfaceOrientations_iPad = "UIInterfaceOrientationPortrait UIInterfaceOrientationPortraitUpsideDown UIInterfaceOrientationLandscapeLeft UIInterfaceOrientationLandscapeRight";
				INFOPLIST_KEY_UISupportedInterfaceOrientations_iPhone = "UIInterfaceOrientationPortrait UIInterfaceOrientationLandscapeLeft UIInterfaceOrientationLandscapeRight";
				LD_RUNPATH_SEARCH_PATHS = (
					"$(inherited)",
					"@executable_path/Frameworks",
				);
				MARKETING_VERSION = 1.0;
				PRODUCT_BUNDLE_IDENTIFIER = AI.AICU.NehanAI;
				PRODUCT_NAME = "$(TARGET_NAME)";
				STRING_CATALOG_GENERATE_SYMBOLS = YES;
				SWIFT_APPROACHABLE_CONCURRENCY = YES;
				SWIFT_DEFAULT_ACTOR_ISOLATION = MainActor;
				SWIFT_EMIT_LOC_STRINGS = YES;
				SWIFT_UPCOMING_FEATURE_MEMBER_IMPORT_VISIBILITY = YES;
				SWIFT_VERSION = 5.0;
				TARGETED_DEVICE_FAMILY = "1,2";
			};
			name = Debug;
		};
		619FFDD22F87FB0F0011EC08 /* Release */ = {
			isa = XCBuildConfiguration;
			baseConfigurationReference = AA0000012F880001SECRETS00 /* Secrets.xcconfig */;
			buildSettings = {
				ASSETCATALOG_COMPILER_APPICON_NAME = AppIcon;
				ASSETCATALOG_COMPILER_GLOBAL_ACCENT_COLOR_NAME = AccentColor;
				CODE_SIGN_ENTITLEMENTS = NehanAI/NehanAI.entitlements;
				CODE_SIGN_STYLE = Automatic;
				CURRENT_PROJECT_VERSION = 1;
				DEVELOPMENT_TEAM = WD4753796S;
				ENABLE_PREVIEWS = YES;
				GENERATE_INFOPLIST_FILE = YES;
				INFOPLIST_FILE = NehanAI/Info.plist;
				INFOPLIST_KEY_UIApplicationSceneManifest_Generation = YES;
				INFOPLIST_KEY_UIApplicationSupportsIndirectInputEvents = YES;
				INFOPLIST_KEY_UILaunchScreen_Generation = YES;
				INFOPLIST_KEY_UISupportedInterfaceOrientations_iPad = "UIInterfaceOrientationPortrait UIInterfaceOrientationPortraitUpsideDown UIInterfaceOrientationLandscapeLeft UIInterfaceOrientationLandscapeRight";
				INFOPLIST_KEY_UISupportedInterfaceOrientations_iPhone = "UIInterfaceOrientationPortrait UIInterfaceOrientationLandscapeLeft UIInterfaceOrientationLandscapeRight";
				LD_RUNPATH_SEARCH_PATHS = (
					"$(inherited)",
					"@executable_path/Frameworks",
				);
				MARKETING_VERSION = 1.0;
				PRODUCT_BUNDLE_IDENTIFIER = AI.AICU.NehanAI;
				PRODUCT_NAME = "$(TARGET_NAME)";
				STRING_CATALOG_GENERATE_SYMBOLS = YES;
				SWIFT_APPROACHABLE_CONCURRENCY = YES;
				SWIFT_DEFAULT_ACTOR_ISOLATION = MainActor;
				SWIFT_EMIT_LOC_STRINGS = YES;
				SWIFT_UPCOMING_FEATURE_MEMBER_IMPORT_VISIBILITY = YES;
				SWIFT_VERSION = 5.0;
				TARGETED_DEVICE_FAMILY = "1,2";
			};
			name = Release;
		};
		619FFDD42F87FB0F0011EC08 /* Debug */ = {
			isa = XCBuildConfiguration;
			buildSettings = {
				BUNDLE_LOADER = "$(TEST_HOST)";
				CODE_SIGN_STYLE = Automatic;
				CURRENT_PROJECT_VERSION = 1;
				DEVELOPMENT_TEAM = WD4753796S;
				GENERATE_INFOPLIST_FILE = YES;
				IPHONEOS_DEPLOYMENT_TARGET = 26.2;
				MARKETING_VERSION = 1.0;
				PRODUCT_BUNDLE_IDENTIFIER = AI.AICU.NehanAITests;
				PRODUCT_NAME = "$(TARGET_NAME)";
				STRING_CATALOG_GENERATE_SYMBOLS = NO;
				SWIFT_APPROACHABLE_CONCURRENCY = YES;
				SWIFT_EMIT_LOC_STRINGS = NO;
				SWIFT_UPCOMING_FEATURE_MEMBER_IMPORT_VISIBILITY = YES;
				SWIFT_VERSION = 5.0;
				TARGETED_DEVICE_FAMILY = "1,2";
				TEST_HOST = "$(BUILT_PRODUCTS_DIR)/NehanAI.app/$(BUNDLE_EXECUTABLE_FOLDER_PATH)/NehanAI";
			};
			name = Debug;
		};
		619FFDD52F87FB0F0011EC08 /* Release */ = {
			isa = XCBuildConfiguration;
			buildSettings = {
				BUNDLE_LOADER = "$(TEST_HOST)";
				CODE_SIGN_STYLE = Automatic;
				CURRENT_PROJECT_VERSION = 1;
				DEVELOPMENT_TEAM = WD4753796S;
				GENERATE_INFOPLIST_FILE = YES;
				IPHONEOS_DEPLOYMENT_TARGET = 26.2;
				MARKETING_VERSION = 1.0;
				PRODUCT_BUNDLE_IDENTIFIER = AI.AICU.NehanAITests;
				PRODUCT_NAME = "$(TARGET_NAME)";
				STRING_CATALOG_GENERATE_SYMBOLS = NO;
				SWIFT_APPROACHABLE_CONCURRENCY = YES;
				SWIFT_EMIT_LOC_STRINGS = NO;
				SWIFT_UPCOMING_FEATURE_MEMBER_IMPORT_VISIBILITY = YES;
				SWIFT_VERSION = 5.0;
				TARGETED_DEVICE_FAMILY = "1,2";
				TEST_HOST = "$(BUILT_PRODUCTS_DIR)/NehanAI.app/$(BUNDLE_EXECUTABLE_FOLDER_PATH)/NehanAI";
			};
			name = Release;
		};
		619FFDD72F87FB0F0011EC08 /* Debug */ = {
			isa = XCBuildConfiguration;
			buildSettings = {
				CODE_SIGN_STYLE = Automatic;
				CURRENT_PROJECT_VERSION = 1;
				DEVELOPMENT_TEAM = WD4753796S;
				GENERATE_INFOPLIST_FILE = YES;
				MARKETING_VERSION = 1.0;
				PRODUCT_BUNDLE_IDENTIFIER = AI.AICU.NehanAIUITests;
				PRODUCT_NAME = "$(TARGET_NAME)";
				STRING_CATALOG_GENERATE_SYMBOLS = NO;
				SWIFT_APPROACHABLE_CONCURRENCY = YES;
				SWIFT_EMIT_LOC_STRINGS = NO;
				SWIFT_UPCOMING_FEATURE_MEMBER_IMPORT_VISIBILITY = YES;
				SWIFT_VERSION = 5.0;
				TARGETED_DEVICE_FAMILY = "1,2";
				TEST_TARGET_NAME = NehanAI;
			};
			name = Debug;
		};
		619FFDD82F87FB0F0011EC08 /* Release */ = {
			isa = XCBuildConfiguration;
			buildSettings = {
				CODE_SIGN_STYLE = Automatic;
				CURRENT_PROJECT_VERSION = 1;
				DEVELOPMENT_TEAM = WD4753796S;
				GENERATE_INFOPLIST_FILE = YES;
				MARKETING_VERSION = 1.0;
				PRODUCT_BUNDLE_IDENTIFIER = AI.AICU.NehanAIUITests;
				PRODUCT_NAME = "$(TARGET_NAME)";
				STRING_CATALOG_GENERATE_SYMBOLS = NO;
				SWIFT_APPROACHABLE_CONCURRENCY = YES;
				SWIFT_EMIT_LOC_STRINGS = NO;
				SWIFT_UPCOMING_FEATURE_MEMBER_IMPORT_VISIBILITY = YES;
				SWIFT_VERSION = 5.0;
				TARGETED_DEVICE_FAMILY = "1,2";
				TEST_TARGET_NAME = NehanAI;
			};
			name = Release;
		};
/* End XCBuildConfiguration section */

/* Begin XCConfigurationList section */
		619FFDAA2F87FB0E0011EC08 /* Build configuration list for PBXProject "NehanAI" */ = {
			isa = XCConfigurationList;
			buildConfigurations = (
				619FFDCE2F87FB0F0011EC08 /* Debug */,
				619FFDCF2F87FB0F0011EC08 /* Release */,
			);
			defaultConfigurationIsVisible = 0;
			defaultConfigurationName = Release;
		};
		619FFDD02F87FB0F0011EC08 /* Build configuration list for PBXNativeTarget "NehanAI" */ = {
			isa = XCConfigurationList;
			buildConfigurations = (
				619FFDD12F87FB0F0011EC08 /* Debug */,
				619FFDD22F87FB0F0011EC08 /* Release */,
			);
			defaultConfigurationIsVisible = 0;
			defaultConfigurationName = Release;
		};
		619FFDD32F87FB0F0011EC08 /* Build configuration list for PBXNativeTarget "NehanAITests" */ = {
			isa = XCConfigurationList;
			buildConfigurations = (
				619FFDD42F87FB0F0011EC08 /* Debug */,
				619FFDD52F87FB0F0011EC08 /* Release */,
			);
			defaultConfigurationIsVisible = 0;
			defaultConfigurationName = Release;
		};
		619FFDD62F87FB0F0011EC08 /* Build configuration list for PBXNativeTarget "NehanAIUITests" */ = {
			isa = XCConfigurationList;
			buildConfigurations = (
				619FFDD72F87FB0F0011EC08 /* Debug */,
				619FFDD82F87FB0F0011EC08 /* Release */,
			);
			defaultConfigurationIsVisible = 0;
			defaultConfigurationName = Release;
		};
/* End XCConfigurationList section */
	};
	rootObject = 619FFDA72F87FB0E0011EC08 /* Project object */;
}
